
Microsoft Visual Studio Solution File, Format Version 12.00
# Visual Studio Version 17
VisualStudioVersion = 17.0.31903.59
MinimumVisualStudioVersion = 10.0.40219.1
Project("{FAE04EC0-301F-11D3-BF4B-00C04F79EFBC}") = "Sistema.Estacionamento", "Sistema.Estacionamento\Sistema.Estacionamento.csproj", "{230CBB09-91FA-4077-B917-4DE5044AFF9F}"
EndProject
Project("{FAE04EC0-301F-11D3-BF4B-00C04F79EFBC}") = "Sistema.Estacionamento.Testes", "Sistema.Estacionamento.Testes\Sistema.Estacionamento.Testes.csproj", "{C923C813-75EA-48A8-9CB5-FC9FC43B1203}"
EndProject
Global
	GlobalSection(SolutionConfigurationPlatforms) = preSolution
		Debug|Any CPU = Debug|Any CPU
		Release|Any CPU = Release|Any CPU
	EndGlobalSection
	GlobalSection(SolutionProperties) = preSolution
		HideSolutionNode = FALSE
	EndGlobalSection
	GlobalSection(ProjectConfigurationPlatforms) = postSolution
		{230CBB09-91FA-4077-B917-4DE5044AFF9F}.Debug|Any CPU.ActiveCfg = Debug|Any CPU
		{230CBB09-91FA-4077-B917-4DE5044AFF9F}.Debug|Any CPU.Build.0 = Debug|Any CPU
		{230CBB09-91FA-4077-B917-4DE5044AFF9F}.Release|Any CPU.ActiveCfg = Release|Any CPU
		{230CBB09-91FA-4077-B917-4DE5044AFF9F}.Release|Any CPU.Build.0 = Release|Any CPU
		{C923C813-75EA-48A8-9CB5-FC9FC43B1203}.Debug|Any CPU.ActiveCfg = Debug|Any CPU
		{C923C813-75EA-48A8-9CB5-FC9FC43B1203}.Debug|Any CPU.Build.0 = Debug|Any CPU
		{C923C813-75EA-48A8-9CB5-FC9FC43B1203}.Release|Any CPU.ActiveCfg = Release|Any CPU
		{C923C813-75EA-48A8-9CB5-FC9FC43B1203}.Release|Any CPU.Build.0 = Release|Any CPU
	EndGlobalSection
EndGlobal
